
Microsoft Visual Studio Solution File, Format Version 12.00
# Visual Studio 15
VisualStudioVersion = 15.0.28307.271
MinimumVisualStudioVersion = 10.0.40219.1
Project("{9A19103F-16F7-4668-BE54-9A1E7A4F7556}") = "laundry-svc", "laundry-svc\laundry-svc.csproj", "{94B57701-1B72-4DCA-8E88-FB319C6ED372}"
EndProject
Project("{00D1A9C2-B5F0-4AF3-8072-F6C62B433612}") = "LaundryDB", "LaundryDB\LaundryDB.sqlproj", "{F7143038-EE6D-4845-AFA2-85AFD2866F44}"
EndProject
Project("{2150E333-8FDC-42A3-9474-1A3956D46DE8}") = "Solution Items", "Solution Items", "{8BE1623B-F3BE-44BF-B85E-86494D66AD58}"
	ProjectSection(SolutionItems) = preProject
		motion.py = motion.py
	EndProjectSection
EndProject
Global
	GlobalSection(SolutionConfigurationPlatforms) = preSolution
		Debug|Any CPU = Debug|Any CPU
		Release|Any CPU = Release|Any CPU
	EndGlobalSection
	GlobalSection(ProjectConfigurationPlatforms) = postSolution
		{94B57701-1B72-4DCA-8E88-FB319C6ED372}.Debug|Any CPU.ActiveCfg = Debug|Any CPU
		{94B57701-1B72-4DCA-8E88-FB319C6ED372}.Debug|Any CPU.Build.0 = Debug|Any CPU
		{94B57701-1B72-4DCA-8E88-FB319C6ED372}.Release|Any CPU.ActiveCfg = Release|Any CPU
		{94B57701-1B72-4DCA-8E88-FB319C6ED372}.Release|Any CPU.Build.0 = Release|Any CPU
		{F7143038-EE6D-4845-AFA2-85AFD2866F44}.Debug|Any CPU.ActiveCfg = Debug|Any CPU
		{F7143038-EE6D-4845-AFA2-85AFD2866F44}.Debug|Any CPU.Build.0 = Debug|Any CPU
		{F7143038-EE6D-4845-AFA2-85AFD2866F44}.Debug|Any CPU.Deploy.0 = Debug|Any CPU
		{F7143038-EE6D-4845-AFA2-85AFD2866F44}.Release|Any CPU.ActiveCfg = Release|Any CPU
		{F7143038-EE6D-4845-AFA2-85AFD2866F44}.Release|Any CPU.Build.0 = Release|Any CPU
		{F7143038-EE6D-4845-AFA2-85AFD2866F44}.Release|Any CPU.Deploy.0 = Release|Any CPU
	EndGlobalSection
	GlobalSection(SolutionProperties) = preSolution
		HideSolutionNode = FALSE
	EndGlobalSection
	GlobalSection(ExtensibilityGlobals) = postSolution
		SolutionGuid = {D4B914E5-4755-48DB-88E7-11B7B53DAEDE}
	EndGlobalSection
EndGlobal
